
Microsoft Visual Studio Solution File, Format Version 12.00
# Visual Studio Version 17
VisualStudioVersion = 17.11.35327.3
MinimumVisualStudioVersion = 10.0.40219.1
Project("{FAE04EC0-301F-11D3-BF4B-00C04F79EFBC}") = "Villanyszamla_backend", "Villanyszamla_backend\Villanyszamla_backend.csproj", "{FD41C4F5-3669-4803-8B96-813BA046AD5D}"
EndProject
Global
	GlobalSection(SolutionConfigurationPlatforms) = preSolution
		Debug|Any CPU = Debug|Any CPU
		Release|Any CPU = Release|Any CPU
	EndGlobalSection
	GlobalSection(ProjectConfigurationPlatforms) = postSolution
		{FD41C4F5-3669-4803-8B96-813BA046AD5D}.Debug|Any CPU.ActiveCfg = Debug|Any CPU
		{FD41C4F5-3669-4803-8B96-813BA046AD5D}.Debug|Any CPU.Build.0 = Debug|Any CPU
		{FD41C4F5-3669-4803-8B96-813BA046AD5D}.Release|Any CPU.ActiveCfg = Release|Any CPU
		{FD41C4F5-3669-4803-8B96-813BA046AD5D}.Release|Any CPU.Build.0 = Release|Any CPU
	EndGlobalSection
	GlobalSection(SolutionProperties) = preSolution
		HideSolutionNode = FALSE
	EndGlobalSection
	GlobalSection(ExtensibilityGlobals) = postSolution
		SolutionGuid = {D9506E6C-AE9D-4E6E-9058-634E880ACE8A}
	EndGlobalSection
EndGlobal
